{
  "nodes": {
    "cronstrue": {
      "flake": false,
      "locked": {
        "lastModified": 1761753145,
        "narHash": "sha256-AMshXfgAu3ygjLK0qojb3B5Hjiny7dxi1B6pMKa9hOE=",
        "owner": "bradymholt",
        "repo": "cronstrue",
        "rev": "cb2a99c22abe748b1f8d1e0facf93f8cc880c6e3",
        "type": "github"
      },
      "original": {
        "owner": "bradymholt",
        "repo": "cronstrue",
        "type": "github"
      }
    },
    "flake-compat": {
      "flake": false,
      "locked": {
        "lastModified": 1747046372,
        "narHash": "sha256-CIVLLkVgvHYbgI2UpXvIIBJ12HWgX+fjA8Xf8PUmqCY=",
        "owner": "edolstra",
        "repo": "flake-compat",
        "rev": "9100a0f413b0c601e0533d1d94ffd501ce2e7885",
        "type": "github"
      },
      "original": {
        "owner": "edolstra",
        "repo": "flake-compat",
        "type": "github"
      }
    },
    "flake-compat_2": {
      "flake": false,
      "locked": {
        "lastModified": 1747046372,
        "narHash": "sha256-CIVLLkVgvHYbgI2UpXvIIBJ12HWgX+fjA8Xf8PUmqCY=",
        "owner": "edolstra",
        "repo": "flake-compat",
        "rev": "9100a0f413b0c601e0533d1d94ffd501ce2e7885",
        "type": "github"
      },
      "original": {
        "owner": "edolstra",
        "repo": "flake-compat",
        "type": "github"
      }
    },
    "flake-parts": {
      "inputs": {
        "nixpkgs-lib": [
          "neovim-nightly-overlay",
          "nixpkgs"
        ]
      },
      "locked": {
        "lastModified": 1762980239,
        "narHash": "sha256-8oNVE8TrD19ulHinjaqONf9QWCKK+w4url56cdStMpM=",
        "owner": "hercules-ci",
        "repo": "flake-parts",
        "rev": "52a2caecc898d0b46b2b905f058ccc5081f842da",
        "type": "github"
      },
      "original": {
        "owner": "hercules-ci",
        "repo": "flake-parts",
        "type": "github"
      }
    },
    "flake-utils": {
      "inputs": {
        "systems": "systems"
      },
      "locked": {
        "lastModified": 1731533236,
        "narHash": "sha256-l0KFg5HjrsfsO/JpG+r7fRrqm12kzFHyUHqHCVpMMbI=",
        "owner": "numtide",
        "repo": "flake-utils",
        "rev": "11707dc2f618dd54ca8739b309ec4fc024de578b",
        "type": "github"
      },
      "original": {
        "owner": "numtide",
        "repo": "flake-utils",
        "type": "github"
      }
    },
    "home-manager": {
      "inputs": {
        "nixpkgs": [
          "nixpkgs"
        ]
      },
      "locked": {
        "lastModified": 1758463745,
        "narHash": "sha256-uhzsV0Q0I9j2y/rfweWeGif5AWe0MGrgZ/3TjpDYdGA=",
        "owner": "nix-community",
        "repo": "home-manager",
        "rev": "3b955f5f0a942f9f60cdc9cacb7844335d0f21c3",
        "type": "github"
      },
      "original": {
        "owner": "nix-community",
        "ref": "release-25.05",
        "repo": "home-manager",
        "type": "github"
      }
    },
    "neovim-nightly-overlay": {
      "inputs": {
        "flake-parts": "flake-parts",
        "neovim-src": "neovim-src",
        "nixpkgs": "nixpkgs"
      },
      "locked": {
        "lastModified": 1763078664,
        "narHash": "sha256-HDuT9S50/3+2blDIL4Y5qX8g5bA5FtpzP9lyagmyNq4=",
        "owner": "nix-community",
        "repo": "neovim-nightly-overlay",
        "rev": "994eb1828abe40f256e27ff38663b4f3f819d4cb",
        "type": "github"
      },
      "original": {
        "owner": "nix-community",
        "repo": "neovim-nightly-overlay",
        "type": "github"
      }
    },
    "neovim-src": {
      "flake": false,
      "locked": {
        "lastModified": 1763078375,
        "narHash": "sha256-oGwmSPl+FA0y2uPEGkkavr5sxLkpHR6+Cio8eZ8OtPo=",
        "owner": "neovim",
        "repo": "neovim",
        "rev": "d017f3c9a0b745e0c57feb8c92dcc852948f7301",
        "type": "github"
      },
      "original": {
        "owner": "neovim",
        "repo": "neovim",
        "type": "github"
      }
    },
    "nix-minecraft": {
      "inputs": {
        "flake-compat": "flake-compat",
        "flake-utils": "flake-utils",
        "nixpkgs": "nixpkgs_2"
      },
      "locked": {
        "lastModified": 1763171892,
        "narHash": "sha256-6cg9zSiqKA89yJzVtYhBaBptqq6bX4pr4g7WLAHOD4Y=",
        "owner": "Infinidoge",
        "repo": "nix-minecraft",
        "rev": "316858c27d278b20e776cd4dd8f787812f587ba2",
        "type": "github"
      },
      "original": {
        "owner": "Infinidoge",
        "repo": "nix-minecraft",
        "type": "github"
      }
    },
    "nixpkgs": {
      "locked": {
        "lastModified": 1762943920,
        "narHash": "sha256-ITeH8GBpQTw9457ICZBddQEBjlXMmilML067q0e6vqY=",
        "owner": "NixOS",
        "repo": "nixpkgs",
        "rev": "91c9a64ce2a84e648d0cf9671274bb9c2fb9ba60",
        "type": "github"
      },
      "original": {
        "owner": "NixOS",
        "ref": "nixpkgs-unstable",
        "repo": "nixpkgs",
        "type": "github"
      }
    },
    "nixpkgs-unstable": {
      "locked": {
        "lastModified": 1762977756,
        "narHash": "sha256-4PqRErxfe+2toFJFgcRKZ0UI9NSIOJa+7RXVtBhy4KE=",
        "owner": "NixOS",
        "repo": "nixpkgs",
        "rev": "c5ae371f1a6a7fd27823bc500d9390b38c05fa55",
        "type": "github"
      },
      "original": {
        "owner": "NixOS",
        "ref": "nixos-unstable",
        "repo": "nixpkgs",
        "type": "github"
      }
    },
    "nixpkgs_2": {
      "locked": {
        "lastModified": 1748929857,
        "narHash": "sha256-lcZQ8RhsmhsK8u7LIFsJhsLh/pzR9yZ8yqpTzyGdj+Q=",
        "owner": "nixos",
        "repo": "nixpkgs",
        "rev": "c2a03962b8e24e669fb37b7df10e7c79531ff1a4",
        "type": "github"
      },
      "original": {
        "owner": "nixos",
        "ref": "nixos-unstable",
        "repo": "nixpkgs",
        "type": "github"
      }
    },
    "nixpkgs_3": {
      "locked": {
        "lastModified": 1763049705,
        "narHash": "sha256-A5LS0AJZ1yDPTa2fHxufZN++n8MCmtgrJDtxFxrH4S8=",
        "owner": "NixOS",
        "repo": "nixpkgs",
        "rev": "3acb677ea67d4c6218f33de0db0955f116b7588c",
        "type": "github"
      },
      "original": {
        "owner": "NixOS",
        "ref": "nixos-25.05",
        "repo": "nixpkgs",
        "type": "github"
      }
    },
    "nixpkgs_4": {
      "locked": {
        "lastModified": 1759070547,
        "narHash": "sha256-JVZl8NaVRYb0+381nl7LvPE+A774/dRpif01FKLrYFQ=",
        "owner": "nixos",
        "repo": "nixpkgs",
        "rev": "647e5c14cbd5067f44ac86b74f014962df460840",
        "type": "github"
      },
      "original": {
        "owner": "nixos",
        "ref": "nixpkgs-unstable",
        "repo": "nixpkgs",
        "type": "github"
      }
    },
    "opencode-release-info": {
      "flake": false,
      "locked": {
        "narHash": "sha256-CbWi+T3U29vCEsJ7g631GQn6NnziJAIeCA53x90CzPE=",
        "type": "file",
        "url": "https://api.github.com/repos/sst/opencode/releases/latest"
      },
      "original": {
        "type": "file",
        "url": "https://api.github.com/repos/sst/opencode/releases/latest"
      }
    },
    "ra-multiplex": {
      "flake": false,
      "locked": {
        "lastModified": 1760261682,
        "narHash": "sha256-QWCL+DZpBxBlubXFGbsVsZkfuQsd4nDufv8i33ZVkeY=",
        "owner": "pr2502",
        "repo": "ra-multiplex",
        "rev": "d01f84d54dfdc17767f5450e3e4a0a120a057cfb",
        "type": "github"
      },
      "original": {
        "owner": "pr2502",
        "repo": "ra-multiplex",
        "type": "github"
      }
    },
    "root": {
      "inputs": {
        "cronstrue": "cronstrue",
        "home-manager": "home-manager",
        "neovim-nightly-overlay": "neovim-nightly-overlay",
        "nix-minecraft": "nix-minecraft",
        "nixpkgs": "nixpkgs_3",
        "nixpkgs-unstable": "nixpkgs-unstable",
        "opencode-release-info": "opencode-release-info",
        "ra-multiplex": "ra-multiplex",
        "rust-overlay": "rust-overlay",
        "swww": "swww",
        "zellij-fork": "zellij-fork"
      }
    },
    "rust-overlay": {
      "inputs": {
        "nixpkgs": [
          "nixpkgs"
        ]
      },
      "locked": {
        "lastModified": 1763174172,
        "narHash": "sha256-u6dcvXk2K6eYVYhmfiN3xmhIf3yUo5KPwm79UOD37Jo=",
        "owner": "oxalica",
        "repo": "rust-overlay",
        "rev": "89af6762b01409edbb595888a69311e8e5954110",
        "type": "github"
      },
      "original": {
        "owner": "oxalica",
        "repo": "rust-overlay",
        "type": "github"
      }
    },
    "rust-overlay_2": {
      "inputs": {
        "nixpkgs": [
          "swww",
          "nixpkgs"
        ]
      },
      "locked": {
        "lastModified": 1759199574,
        "narHash": "sha256-w24RYly3VSVKp98rVfCI1nFYfQ0VoWmShtKPCbXgK6A=",
        "owner": "oxalica",
        "repo": "rust-overlay",
        "rev": "381776b12d0d125edd7c1930c2041a1471e586c0",
        "type": "github"
      },
      "original": {
        "owner": "oxalica",
        "repo": "rust-overlay",
        "type": "github"
      }
    },
    "swww": {
      "inputs": {
        "flake-compat": "flake-compat_2",
        "nixpkgs": "nixpkgs_4",
        "rust-overlay": "rust-overlay_2"
      },
      "locked": {
        "lastModified": 1761939099,
        "narHash": "sha256-sw6bxF9PMEedVHvSxwkOVo9zSo45dt+2MT2fy6pnGJY=",
        "owner": "LGFae",
        "repo": "swww",
        "rev": "8a3b1bf9f3363683097aa5467d3058cc2278da1a",
        "type": "github"
      },
      "original": {
        "owner": "LGFae",
        "repo": "swww",
        "type": "github"
      }
    },
    "systems": {
      "locked": {
        "lastModified": 1681028828,
        "narHash": "sha256-Vy1rq5AaRuLzOxct8nz4T6wlgyUR7zLU309k9mBC768=",
        "owner": "nix-systems",
        "repo": "default",
        "rev": "da67096a3b9bf56a91d16901293e51ba5b49a27e",
        "type": "github"
      },
      "original": {
        "owner": "nix-systems",
        "repo": "default",
        "type": "github"
      }
    },
    "zellij-fork": {
      "flake": false,
      "locked": {
        "lastModified": 1763238305,
        "narHash": "sha256-fnwb8owTSZZHbXWeMwyhKnGLs8nEkybqscpTuIO8EIQ=",
        "owner": "BSteffaniak",
        "repo": "zellij",
        "rev": "cb08dfd1910e3aaf749832cf514cdafb16500e09",
        "type": "github"
      },
      "original": {
        "owner": "BSteffaniak",
        "ref": "toggle-session",
        "repo": "zellij",
        "type": "github"
      }
    }
  },
  "root": "root",
  "version": 7
}
